// !$*UTF8*$!
{
	archiveVersion = 1;
	classes = {
	};
	objectVersion = 56;
	objects = {

/* Begin PBXBuildFile section */
		B71A527F2A5BCD9B00F19D6D /* RandomLottoNumberApp.swift in Sources */ = {isa = PBXBuildFile; fileRef = B71A527E2A5BCD9B00F19D6D /* RandomLottoNumberApp.swift */; };
		B71A52812A5BCD9B00F19D6D /* ContentView.swift in Sources */ = {isa = PBXBuildFile; fileRef = B71A52802A5BCD9B00F19D6D /* ContentView.swift */; };
		B71A52832A5BCD9C00F19D6D /* Assets.xcassets in Resources */ = {isa = PBXBuildFile; fileRef = B71A52822A5BCD9C00F19D6D /* Assets.xcassets */; };
		B71A52862A5BCD9C00F19D6D /* Preview Assets.xcassets in Resources */ = {isa = PBXBuildFile; fileRef = B71A52852A5BCD9C00F19D6D /* Preview Assets.xcassets */; };
		B71A528D2A5BCDC000F19D6D /* LottoData.swift in Sources */ = {isa = PBXBuildFile; fileRef = B71A528C2A5BCDC000F19D6D /* LottoData.swift */; };
		B71A528F2A5BCE4A00F19D6D /* LottoViewModel.swift in Sources */ = {isa = PBXBuildFile; fileRef = B71A528E2A5BCE4A00F19D6D /* LottoViewModel.swift */; };
		B71A52912A5BCEA300F19D6D /* LottoMainView.swift in Sources */ = {isa = PBXBuildFile; fileRef = B71A52902A5BCEA300F19D6D /* LottoMainView.swift */; };
		B71A52932A5BD1EE00F19D6D /* AddView.swift in Sources */ = {isa = PBXBuildFile; fileRef = B71A52922A5BD1EE00F19D6D /* AddView.swift */; };
		B71A52952A5BD5C000F19D6D /* NumberCircleView.swift in Sources */ = {isa = PBXBuildFile; fileRef = B71A52942A5BD5C000F19D6D /* NumberCircleView.swift */; };
/* End PBXBuildFile section */

/* Begin PBXFileReference section */
		B71A527B2A5BCD9B00F19D6D /* RandomLottoNumber.app */ = {isa = PBXFileReference; explicitFileType = wrapper.application; includeInIndex = 0; path = RandomLottoNumber.app; sourceTree = BUILT_PRODUCTS_DIR; };
		B71A527E2A5BCD9B00F19D6D /* RandomLottoNumberApp.swift */ = {isa = PBXFileReference; lastKnownFileType = sourcecode.swift; path = RandomLottoNumberApp.swift; sourceTree = "<group>"; };
		B71A52802A5BCD9B00F19D6D /* ContentView.swift */ = {isa = PBXFileReference; lastKnownFileType = sourcecode.swift; path = ContentView.swift; sourceTree = "<group>"; };
		B71A52822A5BCD9C00F19D6D /* Assets.xcassets */ = {isa = PBXFileReference; lastKnownFileType = folder.assetcatalog; path = Assets.xcassets; sourceTree = "<group>"; };
		B71A52852A5BCD9C00F19D6D /* Preview Assets.xcassets */ = {isa = PBXFileReference; lastKnownFileType = folder.assetcatalog; path = "Preview Assets.xcassets"; sourceTree = "<group>"; };
		B71A528C2A5BCDC000F19D6D /* LottoData.swift */ = {isa = PBXFileReference; lastKnownFileType = sourcecode.swift; path = LottoData.swift; sourceTree = "<group>"; };
		B71A528E2A5BCE4A00F19D6D /* LottoViewModel.swift */ = {isa = PBXFileReference; lastKnownFileType = sourcecode.swift; path = LottoViewModel.swift; sourceTree = "<group>"; };
		B71A52902A5BCEA300F19D6D /* LottoMainView.swift */ = {isa = PBXFileReference; lastKnownFileType = sourcecode.swift; path = LottoMainView.swift; sourceTree = "<group>"; };
		B71A52922A5BD1EE00F19D6D /* AddView.swift */ = {isa = PBXFileReference; lastKnownFileType = sourcecode.swift; path = AddView.swift; sourceTree = "<group>"; };
		B71A52942A5BD5C000F19D6D /* NumberCircleView.swift */ = {isa = PBXFileReference; lastKnownFileType = sourcecode.swift; path = NumberCircleView.swift; sourceTree = "<group>"; };
/* End PBXFileReference section */

/* Begin PBXFrameworksBuildPhase section */
		B71A52782A5BCD9B00F19D6D /* Frameworks */ = {
			isa = PBXFrameworksBuildPhase;
			buildActionMask = 2147483647;
			files = (
			);
			runOnlyForDeploymentPostprocessing = 0;
		};
/* End PBXFrameworksBuildPhase section */

/* Begin PBXGroup section */
		B71A52722A5BCD9B00F19D6D = {
			isa = PBXGroup;
			children = (
				B71A527D2A5BCD9B00F19D6D /* RandomLottoNumber */,
				B71A527C2A5BCD9B00F19D6D /* Products */,
			);
			sourceTree = "<group>";
		};
		B71A527C2A5BCD9B00F19D6D /* Products */ = {
			isa = PBXGroup;
			children = (
				B71A527B2A5BCD9B00F19D6D /* RandomLottoNumber.app */,
			);
			name = Products;
			sourceTree = "<group>";
		};
		B71A527D2A5BCD9B00F19D6D /* RandomLottoNumber */ = {
			isa = PBXGroup;
			children = (
				B71A527E2A5BCD9B00F19D6D /* RandomLottoNumberApp.swift */,
				B71A52962A5CF03E00F19D6D /* Model */,
				B71A528C2A5BCDC000F19D6D /* LottoData.swift */,
				B71A52972A5CF04400F19D6D /* ViewModel */,
				B71A52982A5CF04900F19D6D /* View */,
				B71A52822A5BCD9C00F19D6D /* Assets.xcassets */,
				B71A52842A5BCD9C00F19D6D /* Preview Content */,
			);
			path = RandomLottoNumber;
			sourceTree = "<group>";
		};
		B71A52842A5BCD9C00F19D6D /* Preview Content */ = {
			isa = PBXGroup;
			children = (
				B71A52852A5BCD9C00F19D6D /* Preview Assets.xcassets */,
			);
			path = "Preview Content";
			sourceTree = "<group>";
		};
		B71A52962A5CF03E00F19D6D /* Model */ = {
			isa = PBXGroup;
			children = (
			);
			path = Model;
			sourceTree = "<group>";
		};
		B71A52972A5CF04400F19D6D /* ViewModel */ = {
			isa = PBXGroup;
			children = (
				B71A528E2A5BCE4A00F19D6D /* LottoViewModel.swift */,
			);
			path = ViewModel;
			sourceTree = "<group>";
		};
		B71A52982A5CF04900F19D6D /* View */ = {
			isa = PBXGroup;
			children = (
				B71A52802A5BCD9B00F19D6D /* ContentView.swift */,
				B71A52902A5BCEA300F19D6D /* LottoMainView.swift */,
				B71A52942A5BD5C000F19D6D /* NumberCircleView.swift */,
				B71A52922A5BD1EE00F19D6D /* AddView.swift */,
			);
			path = View;
			sourceTree = "<group>";
		};
/* End PBXGroup section */

/* Begin PBXNativeTarget section */
		B71A527A2A5BCD9B00F19D6D /* RandomLottoNumber */ = {
			isa = PBXNativeTarget;
			buildConfigurationList = B71A52892A5BCD9C00F19D6D /* Build configuration list for PBXNativeTarget "RandomLottoNumber" */;
			buildPhases = (
				B71A52772A5BCD9B00F19D6D /* Sources */,
				B71A52782A5BCD9B00F19D6D /* Frameworks */,
				B71A52792A5BCD9B00F19D6D /* Resources */,
			);
			buildRules = (
			);
			dependencies = (
			);
			name = RandomLottoNumber;
			productName = RandomLottoNumber;
			productReference = B71A527B2A5BCD9B00F19D6D /* RandomLottoNumber.app */;
			productType = "com.apple.product-type.application";
		};
/* End PBXNativeTarget section */

/* Begin PBXProject section */
		B71A52732A5BCD9B00F19D6D /* Project object */ = {
			isa = PBXProject;
			attributes = {
				BuildIndependentTargetsInParallel = 1;
				LastSwiftUpdateCheck = 1430;
				LastUpgradeCheck = 1430;
				TargetAttributes = {
					B71A527A2A5BCD9B00F19D6D = {
						CreatedOnToolsVersion = 14.3.1;
					};
				};
			};
			buildConfigurationList = B71A52762A5BCD9B00F19D6D /* Build configuration list for PBXProject "RandomLottoNumber" */;
			compatibilityVersion = "Xcode 14.0";
			developmentRegion = en;
			hasScannedForEncodings = 0;
			knownRegions = (
				en,
				Base,
			);
			mainGroup = B71A52722A5BCD9B00F19D6D;
			productRefGroup = B71A527C2A5BCD9B00F19D6D /* Products */;
			projectDirPath = "";
			projectRoot = "";
			targets = (
				B71A527A2A5BCD9B00F19D6D /* RandomLottoNumber */,
			);
		};
/* End PBXProject section */

/* Begin PBXResourcesBuildPhase section */
		B71A52792A5BCD9B00F19D6D /* Resources */ = {
			isa = PBXResourcesBuildPhase;
			buildActionMask = 2147483647;
			files = (
				B71A52862A5BCD9C00F19D6D /* Preview Assets.xcassets in Resources */,
				B71A52832A5BCD9C00F19D6D /* Assets.xcassets in Resources */,
			);
			runOnlyForDeploymentPostprocessing = 0;
		};
/* End PBXResourcesBuildPhase section */

/* Begin PBXSourcesBuildPhase section */
		B71A52772A5BCD9B00F19D6D /* Sources */ = {
			isa = PBXSourcesBuildPhase;
			buildActionMask = 2147483647;
			files = (
				B71A52812A5BCD9B00F19D6D /* ContentView.swift in Sources */,
				B71A528F2A5BCE4A00F19D6D /* LottoViewModel.swift in Sources */,
				B71A52952A5BD5C000F19D6D /* NumberCircleView.swift in Sources */,
				B71A52932A5BD1EE00F19D6D /* AddView.swift in Sources */,
				B71A528D2A5BCDC000F19D6D /* LottoData.swift in Sources */,
				B71A527F2A5BCD9B00F19D6D /* RandomLottoNumberApp.swift in Sources */,
				B71A52912A5BCEA300F19D6D /* LottoMainView.swift in Sources */,
			);
			runOnlyForDeploymentPostprocessing = 0;
		};
/* End PBXSourcesBuildPhase section */

/* Begin XCBuildConfiguration section */
		B71A52872A5BCD9C00F19D6D /* Debug */ = {
			isa = XCBuildConfiguration;
			buildSettings = {
				ALWAYS_SEARCH_USER_PATHS = NO;
				CLANG_ANALYZER_NONNULL = YES;
				CLANG_ANALYZER_NUMBER_OBJECT_CONVERSION = YES_AGGRESSIVE;
				CLANG_CXX_LANGUAGE_STANDARD = "gnu++20";
				CLANG_ENABLE_MODULES = YES;
				CLANG_ENABLE_OBJC_ARC = YES;
				CLANG_ENABLE_OBJC_WEAK = YES;
				CLANG_WARN_BLOCK_CAPTURE_AUTORELEASING = YES;
				CLANG_WARN_BOOL_CONVERSION = YES;
				CLANG_WARN_COMMA = YES;
				CLANG_WARN_CONSTANT_CONVERSION = YES;
				CLANG_WARN_DEPRECATED_OBJC_IMPLEMENTATIONS = YES;
				CLANG_WARN_DIRECT_OBJC_ISA_USAGE = YES_ERROR;
				CLANG_WARN_DOCUMENTATION_COMMENTS = YES;
				CLANG_WARN_EMPTY_BODY = YES;
				CLANG_WARN_ENUM_CONVERSION = YES;
				CLANG_WARN_INFINITE_RECURSION = YES;
				CLANG_WARN_INT_CONVERSION = YES;
				CLANG_WARN_NON_LITERAL_NULL_CONVERSION = YES;
				CLANG_WARN_OBJC_IMPLICIT_RETAIN_SELF = YES;
				CLANG_WARN_OBJC_LITERAL_CONVERSION = YES;
				CLANG_WARN_OBJC_ROOT_CLASS = YES_ERROR;
				CLANG_WARN_QUOTED_INCLUDE_IN_FRAMEWORK_HEADER = YES;
				CLANG_WARN_RANGE_LOOP_ANALYSIS = YES;
				CLANG_WARN_STRICT_PROTOTYPES = YES;
				CLANG_WARN_SUSPICIOUS_MOVE = YES;
				CLANG_WARN_UNGUARDED_AVAILABILITY = YES_AGGRESSIVE;
				CLANG_WARN_UNREACHABLE_CODE = YES;
				CLANG_WARN__DUPLICATE_METHOD_MATCH = YES;
				COPY_PHASE_STRIP = NO;
				DEBUG_INFORMATION_FORMAT = dwarf;
				ENABLE_STRICT_OBJC_MSGSEND = YES;
				ENABLE_TESTABILITY = YES;
				GCC_C_LANGUAGE_STANDARD = gnu11;
				GCC_DYNAMIC_NO_PIC = NO;
				GCC_NO_COMMON_BLOCKS = YES;
				GCC_OPTIMIZATION_LEVEL = 0;
				GCC_PREPROCESSOR_DEFINITIONS = (
					"DEBUG=1",
					"$(inherited)",
				);
				GCC_WARN_64_TO_32_BIT_CONVERSION = YES;
				GCC_WARN_ABOUT_RETURN_TYPE = YES_ERROR;
				GCC_WARN_UNDECLARED_SELECTOR = YES;
				GCC_WARN_UNINITIALIZED_AUTOS = YES_AGGRESSIVE;
				GCC_WARN_UNUSED_FUNCTION = YES;
				GCC_WARN_UNUSED_VARIABLE = YES;
				IPHONEOS_DEPLOYMENT_TARGET = 16.4;
				MTL_ENABLE_DEBUG_INFO = INCLUDE_SOURCE;
				MTL_FAST_MATH = YES;
				ONLY_ACTIVE_ARCH = YES;
				SDKROOT = iphoneos;
				SWIFT_ACTIVE_COMPILATION_CONDITIONS = DEBUG;
				SWIFT_OPTIMIZATION_LEVEL = "-Onone";
			};
			name = Debug;
		};
		B71A52882A5BCD9C00F19D6D /* Release */ = {
			isa = XCBuildConfiguration;
			buildSettings = {
				ALWAYS_SEARCH_USER_PATHS = NO;
				CLANG_ANALYZER_NONNULL = YES;
				CLANG_ANALYZER_NUMBER_OBJECT_CONVERSION = YES_AGGRESSIVE;
				CLANG_CXX_LANGUAGE_STANDARD = "gnu++20";
				CLANG_ENABLE_MODULES = YES;
				CLANG_ENABLE_OBJC_ARC = YES;
				CLANG_ENABLE_OBJC_WEAK = YES;
				CLANG_WARN_BLOCK_CAPTURE_AUTORELEASING = YES;
				CLANG_WARN_BOOL_CONVERSION = YES;
				CLANG_WARN_COMMA = YES;
				CLANG_WARN_CONSTANT_CONVERSION = YES;
				CLANG_WARN_DEPRECATED_OBJC_IMPLEMENTATIONS = YES;
				CLANG_WARN_DIRECT_OBJC_ISA_USAGE = YES_ERROR;
				CLANG_WARN_DOCUMENTATION_COMMENTS = YES;
				CLANG_WARN_EMPTY_BODY = YES;
				CLANG_WARN_ENUM_CONVERSION = YES;
				CLANG_WARN_INFINITE_RECURSION = YES;
				CLANG_WARN_INT_CONVERSION = YES;
				CLANG_WARN_NON_LITERAL_NULL_CONVERSION = YES;
				CLANG_WARN_OBJC_IMPLICIT_RETAIN_SELF = YES;
				CLANG_WARN_OBJC_LITERAL_CONVERSION = YES;
				CLANG_WARN_OBJC_ROOT_CLASS = YES_ERROR;
				CLANG_WARN_QUOTED_INCLUDE_IN_FRAMEWORK_HEADER = YES;
				CLANG_WARN_RANGE_LOOP_ANALYSIS = YES;
				CLANG_WARN_STRICT_PROTOTYPES = YES;
				CLANG_WARN_SUSPICIOUS_MOVE = YES;
				CLANG_WARN_UNGUARDED_AVAILABILITY = YES_AGGRESSIVE;
				CLANG_WARN_UNREACHABLE_CODE = YES;
				CLANG_WARN__DUPLICATE_METHOD_MATCH = YES;
				COPY_PHASE_STRIP = NO;
				DEBUG_INFORMATION_FORMAT = "dwarf-with-dsym";
				ENABLE_NS_ASSERTIONS = NO;
				ENABLE_STRICT_OBJC_MSGSEND = YES;
				GCC_C_LANGUAGE_STANDARD = gnu11;
				GCC_NO_COMMON_BLOCKS = YES;
				GCC_WARN_64_TO_32_BIT_CONVERSION = YES;
				GCC_WARN_ABOUT_RETURN_TYPE = YES_ERROR;
				GCC_WARN_UNDECLARED_SELECTOR = YES;
				GCC_WARN_UNINITIALIZED_AUTOS = YES_AGGRESSIVE;
				GCC_WARN_UNUSED_FUNCTION = YES;
				GCC_WARN_UNUSED_VARIABLE = YES;
				IPHONEOS_DEPLOYMENT_TARGET = 16.4;
				MTL_ENABLE_DEBUG_INFO = NO;
				MTL_FAST_MATH = YES;
				SDKROOT = iphoneos;
				SWIFT_COMPILATION_MODE = wholemodule;
				SWIFT_OPTIMIZATION_LEVEL = "-O";
				VALIDATE_PRODUCT = YES;
			};
			name = Release;
		};
		B71A528A2A5BCD9C00F19D6D /* Debug */ = {
			isa = XCBuildConfiguration;
			buildSettings = {
				ASSETCATALOG_COMPILER_APPICON_NAME = AppIcon;
				ASSETCATALOG_COMPILER_GLOBAL_ACCENT_COLOR_NAME = AccentColor;
				CODE_SIGN_STYLE = Automatic;
				CURRENT_PROJECT_VERSION = 1;
				DEVELOPMENT_ASSET_PATHS = "\"RandomLottoNumber/Preview Content\"";
				DEVELOPMENT_TEAM = M76T92YWCS;
				ENABLE_PREVIEWS = YES;
				GENERATE_INFOPLIST_FILE = YES;
				INFOPLIST_KEY_UIApplicationSceneManifest_Generation = YES;
				INFOPLIST_KEY_UIApplicationSupportsIndirectInputEvents = YES;
				INFOPLIST_KEY_UILaunchScreen_Generation = YES;
				INFOPLIST_KEY_UISupportedInterfaceOrientations_iPad = "UIInterfaceOrientationPortrait UIInterfaceOrientationPortraitUpsideDown UIInterfaceOrientationLandscapeLeft UIInterfaceOrientationLandscapeRight";
				INFOPLIST_KEY_UISupportedInterfaceOrientations_iPhone = "UIInterfaceOrientationPortrait UIInterfaceOrientationLandscapeLeft UIInterfaceOrientationLandscapeRight";
				IPHONEOS_DEPLOYMENT_TARGET = 16.1;
				LD_RUNPATH_SEARCH_PATHS = (
					"$(inherited)",
					"@executable_path/Frameworks",
				);
				MARKETING_VERSION = 1.0;
				PRODUCT_BUNDLE_IDENTIFIER = kaikim.RandomLottoNumber;
				PRODUCT_NAME = "$(TARGET_NAME)";
				SWIFT_EMIT_LOC_STRINGS = YES;
				SWIFT_VERSION = 5.0;
				TARGETED_DEVICE_FAMILY = "1,2";
			};
			name = Debug;
		};
		B71A528B2A5BCD9C00F19D6D /* Release */ = {
			isa = XCBuildConfiguration;
			buildSettings = {
				ASSETCATALOG_COMPILER_APPICON_NAME = AppIcon;
				ASSETCATALOG_COMPILER_GLOBAL_ACCENT_COLOR_NAME = AccentColor;
				CODE_SIGN_STYLE = Automatic;
				CURRENT_PROJECT_VERSION = 1;
				DEVELOPMENT_ASSET_PATHS = "\"RandomLottoNumber/Preview Content\"";
				DEVELOPMENT_TEAM = M76T92YWCS;
				ENABLE_PREVIEWS = YES;
				GENERATE_INFOPLIST_FILE = YES;
				INFOPLIST_KEY_UIApplicationSceneManifest_Generation = YES;
				INFOPLIST_KEY_UIApplicationSupportsIndirectInputEvents = YES;
				INFOPLIST_KEY_UILaunchScreen_Generation = YES;
				INFOPLIST_KEY_UISupportedInterfaceOrientations_iPad = "UIInterfaceOrientationPortrait UIInterfaceOrientationPortraitUpsideDown UIInterfaceOrientationLandscapeLeft UIInterfaceOrientationLandscapeRight";
				INFOPLIST_KEY_UISupportedInterfaceOrientations_iPhone = "UIInterfaceOrientationPortrait UIInterfaceOrientationLandscapeLeft UIInterfaceOrientationLandscapeRight";
				IPHONEOS_DEPLOYMENT_TARGET = 16.1;
				LD_RUNPATH_SEARCH_PATHS = (
					"$(inherited)",
					"@executable_path/Frameworks",
				);
				MARKETING_VERSION = 1.0;
				PRODUCT_BUNDLE_IDENTIFIER = kaikim.RandomLottoNumber;
				PRODUCT_NAME = "$(TARGET_NAME)";
				SWIFT_EMIT_LOC_STRINGS = YES;
				SWIFT_VERSION = 5.0;
				TARGETED_DEVICE_FAMILY = "1,2";
			};
			name = Release;
		};
/* End XCBuildConfiguration section */

/* Begin XCConfigurationList section */
		B71A52762A5BCD9B00F19D6D /* Build configuration list for PBXProject "RandomLottoNumber" */ = {
			isa = XCConfigurationList;
			buildConfigurations = (
				B71A52872A5BCD9C00F19D6D /* Debug */,
				B71A52882A5BCD9C00F19D6D /* Release */,
			);
			defaultConfigurationIsVisible = 0;
			defaultConfigurationName = Release;
		};
		B71A52892A5BCD9C00F19D6D /* Build configuration list for PBXNativeTarget "RandomLottoNumber" */ = {
			isa = XCConfigurationList;
			buildConfigurations = (
				B71A528A2A5BCD9C00F19D6D /* Debug */,
				B71A528B2A5BCD9C00F19D6D /* Release */,
			);
			defaultConfigurationIsVisible = 0;
			defaultConfigurationName = Release;
		};
/* End XCConfigurationList section */
	};
	rootObject = B71A52732A5BCD9B00F19D6D /* Project object */;
}
